// !$*UTF8*$!
{
	archiveVersion = 1;
	classes = {
	};
	objectVersion = 56;
	objects = {

/* Begin PBXBuildFile section */
		63A66D2A2A63822E00D7AF51 /* PortfolioApp.swift in Sources */ = {isa = PBXBuildFile; fileRef = 63A66D292A63822E00D7AF51 /* PortfolioApp.swift */; };
		63A66D2C2A63822E00D7AF51 /* ContentView.swift in Sources */ = {isa = PBXBuildFile; fileRef = 63A66D2B2A63822E00D7AF51 /* ContentView.swift */; };
		63A66D2E2A63823000D7AF51 /* Assets.xcassets in Resources */ = {isa = PBXBuildFile; fileRef = 63A66D2D2A63823000D7AF51 /* Assets.xcassets */; };
		63A66D312A63823000D7AF51 /* Preview Assets.xcassets in Resources */ = {isa = PBXBuildFile; fileRef = 63A66D302A63823000D7AF51 /* Preview Assets.xcassets */; };
		63A66D3B2A6386BA00D7AF51 /* Portfolio.swift in Sources */ = {isa = PBXBuildFile; fileRef = 63A66D3A2A6386BA00D7AF51 /* Portfolio.swift */; };
		63A66D3D2A63875E00D7AF51 /* AppModel.swift in Sources */ = {isa = PBXBuildFile; fileRef = 63A66D3C2A63875E00D7AF51 /* AppModel.swift */; };
		63A66D402A638DC500D7AF51 /* HeaderView.swift in Sources */ = {isa = PBXBuildFile; fileRef = 63A66D3F2A638DC500D7AF51 /* HeaderView.swift */; };
		63A66D422A63926500D7AF51 /* SkillView.swift in Sources */ = {isa = PBXBuildFile; fileRef = 63A66D412A63926500D7AF51 /* SkillView.swift */; };
		63A66D442A63944200D7AF51 /* SkillsView.swift in Sources */ = {isa = PBXBuildFile; fileRef = 63A66D432A63944200D7AF51 /* SkillsView.swift */; };
		63A66D462A63975400D7AF51 /* ExperienceView.swift in Sources */ = {isa = PBXBuildFile; fileRef = 63A66D452A63975400D7AF51 /* ExperienceView.swift */; };
		63A66D482A6399DE00D7AF51 /* ExperiencesView.swift in Sources */ = {isa = PBXBuildFile; fileRef = 63A66D472A6399DE00D7AF51 /* ExperiencesView.swift */; };
		63A66D4A2A63A3E400D7AF51 /* InfoView.swift in Sources */ = {isa = PBXBuildFile; fileRef = 63A66D492A63A3E400D7AF51 /* InfoView.swift */; };
		63A66D4C2A63AA7600D7AF51 /* ProfileView.swift in Sources */ = {isa = PBXBuildFile; fileRef = 63A66D4B2A63AA7600D7AF51 /* ProfileView.swift */; };
		63A66D4E2A63B5AA00D7AF51 /* EducationView.swift in Sources */ = {isa = PBXBuildFile; fileRef = 63A66D4D2A63B5AA00D7AF51 /* EducationView.swift */; };
/* End PBXBuildFile section */

/* Begin PBXFileReference section */
		63A66D262A63822E00D7AF51 /* Portfolio.app */ = {isa = PBXFileReference; explicitFileType = wrapper.application; includeInIndex = 0; path = Portfolio.app; sourceTree = BUILT_PRODUCTS_DIR; };
		63A66D292A63822E00D7AF51 /* PortfolioApp.swift */ = {isa = PBXFileReference; lastKnownFileType = sourcecode.swift; path = PortfolioApp.swift; sourceTree = "<group>"; };
		63A66D2B2A63822E00D7AF51 /* ContentView.swift */ = {isa = PBXFileReference; lastKnownFileType = sourcecode.swift; path = ContentView.swift; sourceTree = "<group>"; };
		63A66D2D2A63823000D7AF51 /* Assets.xcassets */ = {isa = PBXFileReference; lastKnownFileType = folder.assetcatalog; path = Assets.xcassets; sourceTree = "<group>"; };
		63A66D302A63823000D7AF51 /* Preview Assets.xcassets */ = {isa = PBXFileReference; lastKnownFileType = folder.assetcatalog; path = "Preview Assets.xcassets"; sourceTree = "<group>"; };
		63A66D3A2A6386BA00D7AF51 /* Portfolio.swift */ = {isa = PBXFileReference; lastKnownFileType = sourcecode.swift; path = Portfolio.swift; sourceTree = "<group>"; };
		63A66D3C2A63875E00D7AF51 /* AppModel.swift */ = {isa = PBXFileReference; lastKnownFileType = sourcecode.swift; path = AppModel.swift; sourceTree = "<group>"; };
		63A66D3F2A638DC500D7AF51 /* HeaderView.swift */ = {isa = PBXFileReference; lastKnownFileType = sourcecode.swift; path = HeaderView.swift; sourceTree = "<group>"; };
		63A66D412A63926500D7AF51 /* SkillView.swift */ = {isa = PBXFileReference; lastKnownFileType = sourcecode.swift; path = SkillView.swift; sourceTree = "<group>"; };
		63A66D432A63944200D7AF51 /* SkillsView.swift */ = {isa = PBXFileReference; lastKnownFileType = sourcecode.swift; path = SkillsView.swift; sourceTree = "<group>"; };
		63A66D452A63975400D7AF51 /* ExperienceView.swift */ = {isa = PBXFileReference; lastKnownFileType = sourcecode.swift; path = ExperienceView.swift; sourceTree = "<group>"; };
		63A66D472A6399DE00D7AF51 /* ExperiencesView.swift */ = {isa = PBXFileReference; lastKnownFileType = sourcecode.swift; path = ExperiencesView.swift; sourceTree = "<group>"; };
		63A66D492A63A3E400D7AF51 /* InfoView.swift */ = {isa = PBXFileReference; lastKnownFileType = sourcecode.swift; path = InfoView.swift; sourceTree = "<group>"; };
		63A66D4B2A63AA7600D7AF51 /* ProfileView.swift */ = {isa = PBXFileReference; lastKnownFileType = sourcecode.swift; path = ProfileView.swift; sourceTree = "<group>"; };
		63A66D4D2A63B5AA00D7AF51 /* EducationView.swift */ = {isa = PBXFileReference; lastKnownFileType = sourcecode.swift; path = EducationView.swift; sourceTree = "<group>"; };
/* End PBXFileReference section */

/* Begin PBXFrameworksBuildPhase section */
		63A66D232A63822E00D7AF51 /* Frameworks */ = {
			isa = PBXFrameworksBuildPhase;
			buildActionMask = 2147483647;
			files = (
			);
			runOnlyForDeploymentPostprocessing = 0;
		};
/* End PBXFrameworksBuildPhase section */

/* Begin PBXGroup section */
		63A66D1D2A63822E00D7AF51 = {
			isa = PBXGroup;
			children = (
				63A66D282A63822E00D7AF51 /* Portfolio */,
				63A66D272A63822E00D7AF51 /* Products */,
			);
			sourceTree = "<group>";
		};
		63A66D272A63822E00D7AF51 /* Products */ = {
			isa = PBXGroup;
			children = (
				63A66D262A63822E00D7AF51 /* Portfolio.app */,
			);
			name = Products;
			sourceTree = "<group>";
		};
		63A66D282A63822E00D7AF51 /* Portfolio */ = {
			isa = PBXGroup;
			children = (
				63A66D392A63865F00D7AF51 /* Views */,
				63A66D382A63864700D7AF51 /* Services */,
				63A66D372A63863E00D7AF51 /* Models */,
				63A66D292A63822E00D7AF51 /* PortfolioApp.swift */,
				63A66D2D2A63823000D7AF51 /* Assets.xcassets */,
				63A66D2F2A63823000D7AF51 /* Preview Content */,
			);
			path = Portfolio;
			sourceTree = "<group>";
		};
		63A66D2F2A63823000D7AF51 /* Preview Content */ = {
			isa = PBXGroup;
			children = (
				63A66D302A63823000D7AF51 /* Preview Assets.xcassets */,
			);
			path = "Preview Content";
			sourceTree = "<group>";
		};
		63A66D372A63863E00D7AF51 /* Models */ = {
			isa = PBXGroup;
			children = (
				63A66D3A2A6386BA00D7AF51 /* Portfolio.swift */,
			);
			path = Models;
			sourceTree = "<group>";
		};
		63A66D382A63864700D7AF51 /* Services */ = {
			isa = PBXGroup;
			children = (
				63A66D3C2A63875E00D7AF51 /* AppModel.swift */,
			);
			path = Services;
			sourceTree = "<group>";
		};
		63A66D392A63865F00D7AF51 /* Views */ = {
			isa = PBXGroup;
			children = (
				63A66D3E2A638DAA00D7AF51 /* Support Views */,
				63A66D2B2A63822E00D7AF51 /* ContentView.swift */,
			);
			path = Views;
			sourceTree = "<group>";
		};
		63A66D3E2A638DAA00D7AF51 /* Support Views */ = {
			isa = PBXGroup;
			children = (
				63A66D3F2A638DC500D7AF51 /* HeaderView.swift */,
				63A66D492A63A3E400D7AF51 /* InfoView.swift */,
				63A66D412A63926500D7AF51 /* SkillView.swift */,
				63A66D432A63944200D7AF51 /* SkillsView.swift */,
				63A66D452A63975400D7AF51 /* ExperienceView.swift */,
				63A66D472A6399DE00D7AF51 /* ExperiencesView.swift */,
				63A66D4B2A63AA7600D7AF51 /* ProfileView.swift */,
				63A66D4D2A63B5AA00D7AF51 /* EducationView.swift */,
			);
			path = "Support Views";
			sourceTree = "<group>";
		};
/* End PBXGroup section */

/* Begin PBXNativeTarget section */
		63A66D252A63822E00D7AF51 /* Portfolio */ = {
			isa = PBXNativeTarget;
			buildConfigurationList = 63A66D342A63823000D7AF51 /* Build configuration list for PBXNativeTarget "Portfolio" */;
			buildPhases = (
				63A66D222A63822E00D7AF51 /* Sources */,
				63A66D232A63822E00D7AF51 /* Frameworks */,
				63A66D242A63822E00D7AF51 /* Resources */,
			);
			buildRules = (
			);
			dependencies = (
			);
			name = Portfolio;
			productName = Portfolio;
			productReference = 63A66D262A63822E00D7AF51 /* Portfolio.app */;
			productType = "com.apple.product-type.application";
		};
/* End PBXNativeTarget section */

/* Begin PBXProject section */
		63A66D1E2A63822E00D7AF51 /* Project object */ = {
			isa = PBXProject;
			attributes = {
				BuildIndependentTargetsInParallel = 1;
				LastSwiftUpdateCheck = 1430;
				LastUpgradeCheck = 1430;
				TargetAttributes = {
					63A66D252A63822E00D7AF51 = {
						CreatedOnToolsVersion = 14.3.1;
					};
				};
			};
			buildConfigurationList = 63A66D212A63822E00D7AF51 /* Build configuration list for PBXProject "Portfolio" */;
			compatibilityVersion = "Xcode 14.0";
			developmentRegion = en;
			hasScannedForEncodings = 0;
			knownRegions = (
				en,
				Base,
			);
			mainGroup = 63A66D1D2A63822E00D7AF51;
			productRefGroup = 63A66D272A63822E00D7AF51 /* Products */;
			projectDirPath = "";
			projectRoot = "";
			targets = (
				63A66D252A63822E00D7AF51 /* Portfolio */,
			);
		};
/* End PBXProject section */

/* Begin PBXResourcesBuildPhase section */
		63A66D242A63822E00D7AF51 /* Resources */ = {
			isa = PBXResourcesBuildPhase;
			buildActionMask = 2147483647;
			files = (
				63A66D312A63823000D7AF51 /* Preview Assets.xcassets in Resources */,
				63A66D2E2A63823000D7AF51 /* Assets.xcassets in Resources */,
			);
			runOnlyForDeploymentPostprocessing = 0;
		};
/* End PBXResourcesBuildPhase section */

/* Begin PBXSourcesBuildPhase section */
		63A66D222A63822E00D7AF51 /* Sources */ = {
			isa = PBXSourcesBuildPhase;
			buildActionMask = 2147483647;
			files = (
				63A66D442A63944200D7AF51 /* SkillsView.swift in Sources */,
				63A66D422A63926500D7AF51 /* SkillView.swift in Sources */,
				63A66D462A63975400D7AF51 /* ExperienceView.swift in Sources */,
				63A66D3B2A6386BA00D7AF51 /* Portfolio.swift in Sources */,
				63A66D482A6399DE00D7AF51 /* ExperiencesView.swift in Sources */,
				63A66D2C2A63822E00D7AF51 /* ContentView.swift in Sources */,
				63A66D2A2A63822E00D7AF51 /* PortfolioApp.swift in Sources */,
				63A66D3D2A63875E00D7AF51 /* AppModel.swift in Sources */,
				63A66D4A2A63A3E400D7AF51 /* InfoView.swift in Sources */,
				63A66D4E2A63B5AA00D7AF51 /* EducationView.swift in Sources */,
				63A66D4C2A63AA7600D7AF51 /* ProfileView.swift in Sources */,
				63A66D402A638DC500D7AF51 /* HeaderView.swift in Sources */,
			);
			runOnlyForDeploymentPostprocessing = 0;
		};
/* End PBXSourcesBuildPhase section */

/* Begin XCBuildConfiguration section */
		63A66D322A63823000D7AF51 /* Debug */ = {
			isa = XCBuildConfiguration;
			buildSettings = {
				ALWAYS_SEARCH_USER_PATHS = NO;
				CLANG_ANALYZER_NONNULL = YES;
				CLANG_ANALYZER_NUMBER_OBJECT_CONVERSION = YES_AGGRESSIVE;
				CLANG_CXX_LANGUAGE_STANDARD = "gnu++20";
				CLANG_ENABLE_MODULES = YES;
				CLANG_ENABLE_OBJC_ARC = YES;
				CLANG_ENABLE_OBJC_WEAK = YES;
				CLANG_WARN_BLOCK_CAPTURE_AUTORELEASING = YES;
				CLANG_WARN_BOOL_CONVERSION = YES;
				CLANG_WARN_COMMA = YES;
				CLANG_WARN_CONSTANT_CONVERSION = YES;
				CLANG_WARN_DEPRECATED_OBJC_IMPLEMENTATIONS = YES;
				CLANG_WARN_DIRECT_OBJC_ISA_USAGE = YES_ERROR;
				CLANG_WARN_DOCUMENTATION_COMMENTS = YES;
				CLANG_WARN_EMPTY_BODY = YES;
				CLANG_WARN_ENUM_CONVERSION = YES;
				CLANG_WARN_INFINITE_RECURSION = YES;
				CLANG_WARN_INT_CONVERSION = YES;
				CLANG_WARN_NON_LITERAL_NULL_CONVERSION = YES;
				CLANG_WARN_OBJC_IMPLICIT_RETAIN_SELF = YES;
				CLANG_WARN_OBJC_LITERAL_CONVERSION = YES;
				CLANG_WARN_OBJC_ROOT_CLASS = YES_ERROR;
				CLANG_WARN_QUOTED_INCLUDE_IN_FRAMEWORK_HEADER = YES;
				CLANG_WARN_RANGE_LOOP_ANALYSIS = YES;
				CLANG_WARN_STRICT_PROTOTYPES = YES;
				CLANG_WARN_SUSPICIOUS_MOVE = YES;
				CLANG_WARN_UNGUARDED_AVAILABILITY = YES_AGGRESSIVE;
				CLANG_WARN_UNREACHABLE_CODE = YES;
				CLANG_WARN__DUPLICATE_METHOD_MATCH = YES;
				COPY_PHASE_STRIP = NO;
				DEBUG_INFORMATION_FORMAT = dwarf;
				ENABLE_STRICT_OBJC_MSGSEND = YES;
				ENABLE_TESTABILITY = YES;
				GCC_C_LANGUAGE_STANDARD = gnu11;
				GCC_DYNAMIC_NO_PIC = NO;
				GCC_NO_COMMON_BLOCKS = YES;
				GCC_OPTIMIZATION_LEVEL = 0;
				GCC_PREPROCESSOR_DEFINITIONS = (
					"DEBUG=1",
					"$(inherited)",
				);
				GCC_WARN_64_TO_32_BIT_CONVERSION = YES;
				GCC_WARN_ABOUT_RETURN_TYPE = YES_ERROR;
				GCC_WARN_UNDECLARED_SELECTOR = YES;
				GCC_WARN_UNINITIALIZED_AUTOS = YES_AGGRESSIVE;
				GCC_WARN_UNUSED_FUNCTION = YES;
				GCC_WARN_UNUSED_VARIABLE = YES;
				IPHONEOS_DEPLOYMENT_TARGET = 16.4;
				MTL_ENABLE_DEBUG_INFO = INCLUDE_SOURCE;
				MTL_FAST_MATH = YES;
				ONLY_ACTIVE_ARCH = YES;
				SDKROOT = iphoneos;
				SWIFT_ACTIVE_COMPILATION_CONDITIONS = DEBUG;
				SWIFT_OPTIMIZATION_LEVEL = "-Onone";
			};
			name = Debug;
		};
		63A66D332A63823000D7AF51 /* Release */ = {
			isa = XCBuildConfiguration;
			buildSettings = {
				ALWAYS_SEARCH_USER_PATHS = NO;
				CLANG_ANALYZER_NONNULL = YES;
				CLANG_ANALYZER_NUMBER_OBJECT_CONVERSION = YES_AGGRESSIVE;
				CLANG_CXX_LANGUAGE_STANDARD = "gnu++20";
				CLANG_ENABLE_MODULES = YES;
				CLANG_ENABLE_OBJC_ARC = YES;
				CLANG_ENABLE_OBJC_WEAK = YES;
				CLANG_WARN_BLOCK_CAPTURE_AUTORELEASING = YES;
				CLANG_WARN_BOOL_CONVERSION = YES;
				CLANG_WARN_COMMA = YES;
				CLANG_WARN_CONSTANT_CONVERSION = YES;
				CLANG_WARN_DEPRECATED_OBJC_IMPLEMENTATIONS = YES;
				CLANG_WARN_DIRECT_OBJC_ISA_USAGE = YES_ERROR;
				CLANG_WARN_DOCUMENTATION_COMMENTS = YES;
				CLANG_WARN_EMPTY_BODY = YES;
				CLANG_WARN_ENUM_CONVERSION = YES;
				CLANG_WARN_INFINITE_RECURSION = YES;
				CLANG_WARN_INT_CONVERSION = YES;
				CLANG_WARN_NON_LITERAL_NULL_CONVERSION = YES;
				CLANG_WARN_OBJC_IMPLICIT_RETAIN_SELF = YES;
				CLANG_WARN_OBJC_LITERAL_CONVERSION = YES;
				CLANG_WARN_OBJC_ROOT_CLASS = YES_ERROR;
				CLANG_WARN_QUOTED_INCLUDE_IN_FRAMEWORK_HEADER = YES;
				CLANG_WARN_RANGE_LOOP_ANALYSIS = YES;
				CLANG_WARN_STRICT_PROTOTYPES = YES;
				CLANG_WARN_SUSPICIOUS_MOVE = YES;
				CLANG_WARN_UNGUARDED_AVAILABILITY = YES_AGGRESSIVE;
				CLANG_WARN_UNREACHABLE_CODE = YES;
				CLANG_WARN__DUPLICATE_METHOD_MATCH = YES;
				COPY_PHASE_STRIP = NO;
				DEBUG_INFORMATION_FORMAT = "dwarf-with-dsym";
				ENABLE_NS_ASSERTIONS = NO;
				ENABLE_STRICT_OBJC_MSGSEND = YES;
				GCC_C_LANGUAGE_STANDARD = gnu11;
				GCC_NO_COMMON_BLOCKS = YES;
				GCC_WARN_64_TO_32_BIT_CONVERSION = YES;
				GCC_WARN_ABOUT_RETURN_TYPE = YES_ERROR;
				GCC_WARN_UNDECLARED_SELECTOR = YES;
				GCC_WARN_UNINITIALIZED_AUTOS = YES_AGGRESSIVE;
				GCC_WARN_UNUSED_FUNCTION = YES;
				GCC_WARN_UNUSED_VARIABLE = YES;
				IPHONEOS_DEPLOYMENT_TARGET = 16.4;
				MTL_ENABLE_DEBUG_INFO = NO;
				MTL_FAST_MATH = YES;
				SDKROOT = iphoneos;
				SWIFT_COMPILATION_MODE = wholemodule;
				SWIFT_OPTIMIZATION_LEVEL = "-O";
				VALIDATE_PRODUCT = YES;
			};
			name = Release;
		};
		63A66D352A63823000D7AF51 /* Debug */ = {
			isa = XCBuildConfiguration;
			buildSettings = {
				ASSETCATALOG_COMPILER_APPICON_NAME = AppIcon;
				ASSETCATALOG_COMPILER_GLOBAL_ACCENT_COLOR_NAME = AccentColor;
				CODE_SIGN_STYLE = Automatic;
				CURRENT_PROJECT_VERSION = 1;
				DEVELOPMENT_ASSET_PATHS = "\"Portfolio/Preview Content\"";
				DEVELOPMENT_TEAM = 4GT4BFW9QG;
				ENABLE_PREVIEWS = YES;
				GENERATE_INFOPLIST_FILE = YES;
				INFOPLIST_KEY_UIApplicationSceneManifest_Generation = YES;
				INFOPLIST_KEY_UIApplicationSupportsIndirectInputEvents = YES;
				INFOPLIST_KEY_UILaunchScreen_Generation = YES;
				INFOPLIST_KEY_UISupportedInterfaceOrientations_iPad = "UIInterfaceOrientationPortrait UIInterfaceOrientationPortraitUpsideDown UIInterfaceOrientationLandscapeLeft UIInterfaceOrientationLandscapeRight";
				INFOPLIST_KEY_UISupportedInterfaceOrientations_iPhone = "UIInterfaceOrientationPortrait UIInterfaceOrientationLandscapeLeft UIInterfaceOrientationLandscapeRight";
				LD_RUNPATH_SEARCH_PATHS = (
					"$(inherited)",
					"@executable_path/Frameworks",
				);
				MARKETING_VERSION = 1.0;
				PRODUCT_BUNDLE_IDENTIFIER = shehab.org.Portfolio;
				PRODUCT_NAME = "$(TARGET_NAME)";
				SWIFT_EMIT_LOC_STRINGS = YES;
				SWIFT_VERSION = 5.0;
				TARGETED_DEVICE_FAMILY = "1,2";
			};
			name = Debug;
		};
		63A66D362A63823000D7AF51 /* Release */ = {
			isa = XCBuildConfiguration;
			buildSettings = {
				ASSETCATALOG_COMPILER_APPICON_NAME = AppIcon;
				ASSETCATALOG_COMPILER_GLOBAL_ACCENT_COLOR_NAME = AccentColor;
				CODE_SIGN_STYLE = Automatic;
				CURRENT_PROJECT_VERSION = 1;
				DEVELOPMENT_ASSET_PATHS = "\"Portfolio/Preview Content\"";
				DEVELOPMENT_TEAM = 4GT4BFW9QG;
				ENABLE_PREVIEWS = YES;
				GENERATE_INFOPLIST_FILE = YES;
				INFOPLIST_KEY_UIApplicationSceneManifest_Generation = YES;
				INFOPLIST_KEY_UIApplicationSupportsIndirectInputEvents = YES;
				INFOPLIST_KEY_UILaunchScreen_Generation = YES;
				INFOPLIST_KEY_UISupportedInterfaceOrientations_iPad = "UIInterfaceOrientationPortrait UIInterfaceOrientationPortraitUpsideDown UIInterfaceOrientationLandscapeLeft UIInterfaceOrientationLandscapeRight";
				INFOPLIST_KEY_UISupportedInterfaceOrientations_iPhone = "UIInterfaceOrientationPortrait UIInterfaceOrientationLandscapeLeft UIInterfaceOrientationLandscapeRight";
				LD_RUNPATH_SEARCH_PATHS = (
					"$(inherited)",
					"@executable_path/Frameworks",
				);
				MARKETING_VERSION = 1.0;
				PRODUCT_BUNDLE_IDENTIFIER = shehab.org.Portfolio;
				PRODUCT_NAME = "$(TARGET_NAME)";
				SWIFT_EMIT_LOC_STRINGS = YES;
				SWIFT_VERSION = 5.0;
				TARGETED_DEVICE_FAMILY = "1,2";
			};
			name = Release;
		};
/* End XCBuildConfiguration section */

/* Begin XCConfigurationList section */
		63A66D212A63822E00D7AF51 /* Build configuration list for PBXProject "Portfolio" */ = {
			isa = XCConfigurationList;
			buildConfigurations = (
				63A66D322A63823000D7AF51 /* Debug */,
				63A66D332A63823000D7AF51 /* Release */,
			);
			defaultConfigurationIsVisible = 0;
			defaultConfigurationName = Release;
		};
		63A66D342A63823000D7AF51 /* Build configuration list for PBXNativeTarget "Portfolio" */ = {
			isa = XCConfigurationList;
			buildConfigurations = (
				63A66D352A63823000D7AF51 /* Debug */,
				63A66D362A63823000D7AF51 /* Release */,
			);
			defaultConfigurationIsVisible = 0;
			defaultConfigurationName = Release;
		};
/* End XCConfigurationList section */
	};
	rootObject = 63A66D1E2A63822E00D7AF51 /* Project object */;
}
